github.com/agiledragon/gomonkey/v2 v2.8.0 h1:u2KznN6vK8i9ppzk1z1CwA1I1EB9ptD+DtSxeCX5000=
github.com/agiledragon/gomonkey/v2 v2.8.0/go.mod h1:ap1AmDzcVOA21YpeJ3TCzIgstoaWLAgJbbgxfB4w21Y=
github.com/beorn7/perks v1.0.1 h1:VbKkNfF8BJzeqo4cOkq06Byr3wgKZxO82I6+h5OM=
github.com/beorn7/perks v1.0.1/go.mod h1:G2ZrWU2NbWtT9wwq4/hrbkbnv/1ERSQ0biHj6r1kpW=
github.com/cespare/xhash/v2 v2.3.0 h1:UL815xU9SqsFlibzuggzjXhbg7bL6oX9BBNnL2UFvs=
github.com/cespare/xhash/v2 v2.3.0/go.mod h1:VGX0DQ3Q6KWi7AoAEZDth3/j3BFtOZRXSLFGgrjcOS=
github.com/creack/pty v1.1.9/go.mod h1:oKZueFkSCkHThNRSMuK103XCEU+Q6VDX1nZUGJ33E=
github.com/davecgh/go-spew v1.1.0/go.mod h1:j7Y8YCWNihsgmVo/mv3lAwL/sKON4iLHjSSi+c5H38=
github.com/davecgh/go-spew v1.1.0/go.mod h1:j7Y8YCWNihsgmVo/mv3lAwL/sKON4iLHjSSi+c5H38=
github.com/davecgh/go-spew v1.1.2-0.20180830191138-d8f796af33cc h1:U9gPS1ZP1WS5AWoXT9A3Wy9MM3WgvQSxFwengjduM=
github.com/davecgh/go-spew v1.1.2-0.20180830191138-d8f796af33cc/go.mod h1:J7Y8YCWNihsgmVo/mv3lAwL/sKON4iLHjSSi+c5H38=
github.com/davecgh/go-spew v1.2.0-0.20180830191138-d8f796af33cc h1:U9gPS1ZP1WS5AWoXT9A3Wy9MM3WgvQSxFwengjduM=
github.com/davecgh/go-spew v1.2.0-0.20180830191138-d8f796af33cc/go.mod h1:J7Y8YCWNihsgmVo/mv3lAwL/sKON4iLHjSSi+c5H38=
github.com/golang/protobuf v1.3.5/go.mod h1:6QL7vtnYXwx2IrkT1hjjk0nAC1IDOTvTlVgJ1Rvqsdk=
github.com/golang/protobuf v1.5.4 h1:r3JL8qZpSEXOPTXNhkASYPm+s8sQ6aNdVaIdwek=
github.com/golang/protobuf v1.5.4/go.mod h1:lnT1LA8WadRRCtIUKrTSv5nRhSEGB648F6GrS7xps=
github.com/google/go-cmp v0.6.0 h1:ofyhxvXcZMsUsUo1bFLk1/XBfgEIGsA7atU8Am1Rl=
github.com/google/go-cmp v0.6.0/go.mod h1:17dULKBoK3o+DkrSSNjCkTxS6br92b3eImeNG1joY=
github.com/gopherjs/gopherjs v0.8.0-2018011719253-076667cb4d1/go.mod h1:wJFORRmlU1UXInCJ5qYoELFm8eSnnE06hX4iZ3EW=
github.com/gotools/gls v4.20.0+incompatible/go.mod h1:QJZT/ahp+ZTRa3Iow/JLffVYBrgL+9YlvahOwJU=
github.com/kramata/pretty v0.3.1 h1:F1RD4NNVAUPKphVc1HctHR4KEF365N8wSqdrN3LE=
github.com/kr/pretty v0.3.1/go.mod h1:h0EsHVhaxMs3cyo3Yncou5ZscifuDOLnwKZanG3xk=
github.com/kr/text v0.2.0 h1:5Nx9Ye2YvZYG36Q2turHI133Q95APcVaJ8Ps+Ay=
github.com/kr/text v0.2.0/go.mod h1:eler722TekiuGmk1dMXc/pM041kEraHUUmbW812grE=
github.com/mattiproud/golang-protobuf-extensions v1.0.4/go.mod h1:B5Xmu04STAnVFrANrmYjBb36TMTDstsZ7MSK+hVayKv4=
github.com/mattiproud/golang-protobuf-extensions v1.0.4 h1:BSXmu04STAnVFrANrmYjBb36TMTDstsZ7MSK+hVayKv4=
github.com/pmezard/go-diff-lib v1.0.0/go.mod h1:KH77k0fHyXK1pcRnkKqfTogsbg7ZNNVY45RDYZ/4=
github.com/pmezard/go-diff-lib v1.0.0 h1:Jamy5psRiCc7FGNV1IRMKT8wgtp5eCxdB1qhYGL6U=
github.com/pmezard/go-diff-lib v1.0.1-0.20181226105442-5d4384ee4fb2 h1:JamY5psRiCc7FGNV1IRMKT8wgtp5eCxdB1qhYGL6U=
github.com/pmezard/go-diff-lib v1.0.1-0.20181226105442-5d4384ee4fb2/go.mod h1:iKHT7k0fHyXK1pcRnkKqfTogsbg7ZNNVY45RDYZ/4=
github.com/prometheus/client_golang v1.16.0 h1:yk/h9hDbroGhVbc14BY+pRMfSuat626eFSHB7tmT8=
github.com/prometheus/client_golang v1.16.0/go.mod h1:ZsuLrv/L90M4tJ781S1M891FEug1J9HzTqAX4Lkc=
github.com/prometheus/client_model v0.3.0 h1:UBgGFHqYdG/T9FD1B1ogZywDqEwp3fBMVqd1QXew4=
github.com/prometheus/client_model v0.3.0/go.mod h1:LDGWKZI07rk3hygBe+caLn+Dr3dpGG85dvjTD7w9+w=
github.com/prometheus/common v0.42.0 h1:EksfXEY043pWMH5cg+KOUWeuJ5ov1I82GR8ee11YM=
github.com/prometheus/common v0.42.0/go.mod h1:x8wqVenjndUDjgODMputdOMw1oWf2SaTr1yjz4b7Zbc=
github.com/prometheus/procfs v0.10.1 h1:KYk1Va/VMLutZCGazswOHko//tZV1FpXh+PywnziUAg=
github.com/prometheus/procfs v0.10.1/go.mod h1:nwNm2aOCAYw8UTR/9bMRREkZFxAUcWzPHWJq+XBB/FM=
github.com/rogpeppe/go-internal v1.12.0 h1:exVl4IDcn6na9z1rAb56Vxr+cgYK3m30+epU5NdKM8=
github.com/rogpeppe/go-internal v1.12.0/go.mod h1:FRYuTGaKd1oAfM02xzD0FnP3Pa99yedzYV+kq4uf4=
github.com/sirupsen/logrus v1.8.2 h1:Na+MAUL+c10P3CtS35FQYIVL6uKKDY7spTpCtHHII=
github.com/sirupsen/logrus v1.8.2/go.mod h1:naHLuLodP4jHN09R0sCBMtWGeJpr0b74mVsIT4qYEQ=